
Microsoft Visual Studio Solution File, Format Version 10.00
# Visual Studio 2008
Project("{FAE04EC0-301F-11D3-BF4B-00C04F79EFBC}") = "ProtoTime", "ProtoTime\ProtoTime.csproj", "{8A340C3D-1782-47AF-AF89-CB9DFA1868E0}"
EndProject
Project("{FAE04EC0-301F-11D3-BF4B-00C04F79EFBC}") = "ProtoTime.Tests", "ProtoTime.Tests\ProtoTime.Tests.csproj", "{A7E6B736-863D-4223-8D96-E447C2CA2389}"
EndProject
Project("{2150E333-8FDC-42A3-9474-1A3956D46DE8}") = "Solution Items", "Solution Items", "{261D1469-143A-4F2A-862E-B8E3C8DB7924}"
	ProjectSection(SolutionItems) = preProject
		README = README
	EndProjectSection
EndProject
Global
	GlobalSection(SolutionConfigurationPlatforms) = preSolution
		Debug|Any CPU = Debug|Any CPU
		Release|Any CPU = Release|Any CPU
	EndGlobalSection
	GlobalSection(ProjectConfigurationPlatforms) = postSolution
		{8A340C3D-1782-47AF-AF89-CB9DFA1868E0}.Debug|Any CPU.ActiveCfg = Debug|Any CPU
		{8A340C3D-1782-47AF-AF89-CB9DFA1868E0}.Debug|Any CPU.Build.0 = Debug|Any CPU
		{8A340C3D-1782-47AF-AF89-CB9DFA1868E0}.Release|Any CPU.ActiveCfg = Release|Any CPU
		{8A340C3D-1782-47AF-AF89-CB9DFA1868E0}.Release|Any CPU.Build.0 = Release|Any CPU
		{A7E6B736-863D-4223-8D96-E447C2CA2389}.Debug|Any CPU.ActiveCfg = Debug|Any CPU
		{A7E6B736-863D-4223-8D96-E447C2CA2389}.Debug|Any CPU.Build.0 = Debug|Any CPU
		{A7E6B736-863D-4223-8D96-E447C2CA2389}.Release|Any CPU.ActiveCfg = Release|Any CPU
		{A7E6B736-863D-4223-8D96-E447C2CA2389}.Release|Any CPU.Build.0 = Release|Any CPU
	EndGlobalSection
	GlobalSection(NestedProjects) = preSolution
	EndGlobalSection
	GlobalSection(MonoDevelopProperties) = preSolution
		StartupItem = ProtoTime\ProtoTime.csproj
	EndGlobalSection
EndGlobal
